PODS:
  - ActionSheetPicker-3.0 (2.0.1)
  - MBProgressHUD (0.9.1)
  - NSAttributedString+CCLFormat (1.1.1)

DEPENDENCIES:
  - ActionSheetPicker-3.0
  - MBProgressHUD (~> 0.9.1)
  - NSAttributedString+CCLFormat

SPEC CHECKSUMS:
  ActionSheetPicker-3.0: eeb47e64b7af3e09a50e1ce5dfee9c8c957490c6
  MBProgressHUD: c47f2c166c126cf2ce36498d80f33e754d4e93ad
  NSAttributedString+CCLFormat: f3826cbae249afbdf322aba4932673b865454086

COCOAPODS: 0.38.2
